
Microsoft Visual Studio Solution File, Format Version 10.00
# Visual C# Express 2008
Project("{FAE04EC0-301F-11D3-BF4B-00C04F79EFBC}") = "Almacen de Mario part1", "Almacen de Mario part1\Almacen de Mario part1.csproj", "{9AA28B16-F8F6-4ED0-AC8F-CDFAC0FE6173}"
EndProject
Global
	GlobalSection(SolutionConfigurationPlatforms) = preSolution
		Debug|Any CPU = Debug|Any CPU
		Release|Any CPU = Release|Any CPU
	EndGlobalSection
	GlobalSection(ProjectConfigurationPlatforms) = postSolution
		{9AA28B16-F8F6-4ED0-AC8F-CDFAC0FE6173}.Debug|Any CPU.ActiveCfg = Debug|Any CPU
		{9AA28B16-F8F6-4ED0-AC8F-CDFAC0FE6173}.Debug|Any CPU.Build.0 = Debug|Any CPU
		{9AA28B16-F8F6-4ED0-AC8F-CDFAC0FE6173}.Release|Any CPU.ActiveCfg = Release|Any CPU
		{9AA28B16-F8F6-4ED0-AC8F-CDFAC0FE6173}.Release|Any CPU.Build.0 = Release|Any CPU
	EndGlobalSection
	GlobalSection(SolutionProperties) = preSolution
		HideSolutionNode = FALSE
	EndGlobalSection
EndGlobal
